{
  "name": "mp",
  "lockfileVersion": 3,
  "requires": true,
  "packages": {
    "": {
      "dependencies": {
        "hylid-bridge": "^3.0.0-alpha.13"
      }
    },
    "node_modules/@babel/runtime": {
      "version": "7.18.9",
      "resolved": "https://registry.npmjs.org/@babel/runtime/-/runtime-7.18.9.tgz",
      "integrity": "sha512-lkqXDcvlFT5rvEjiu6+QYO+1GXrEHRo2LOtS7E4GtX5ESIZOgepqsZBVIj6Pv+a6zqsya9VCgiK1KAK4BvJDAw==",
      "dependencies": {
        "regenerator-runtime": "^0.13.4"
      },
      "engines": {
        "node": ">=6.9.0"
      }
    },
    "node_modules/@goldfishjs/module-usage": {
      "version": "2.28.0",
      "resolved": "https://registry.npmjs.org/@goldfishjs/module-usage/-/module-usage-2.28.0.tgz",
      "integrity": "sha512-bNWHqq5jtThRHsTW0mMpglWpVHD1p7Y00jvWtoBKkdlKHdCxErgk7Q9KWgjIqfzRTZSS3/UiuXPMfdV1bsG0AQ==",
      "hasInstallScript": true
    },
    "node_modules/@goldfishjs/utils": {
      "version": "2.28.0",
      "resolved": "https://registry.npmjs.org/@goldfishjs/utils/-/utils-2.28.0.tgz",
      "integrity": "sha512-8gN304Gv/7bokRTrc7A4+IapmuAKcuEj6GirRT/jRTOXECS6w2+XWe7GdeT6eQazNC6S36szeFiAp+jou3o3Kw==",
      "dependencies": {
        "@goldfishjs/module-usage": "^2.28.0",
        "@types/lodash-es": "^4.17.3",
        "lodash-es": "4.17.21"
      }
    },
    "node_modules/@hylid/call": {
      "version": "3.0.0-alpha.13",
      "resolved": "https://registry.npmjs.org/@hylid/call/-/call-3.0.0-alpha.13.tgz",
      "integrity": "sha512-oVLhgvv3lql+0bKWwpJeczOPp+SKisIjv9HKP88bEPWZpJahFh4fDHFZqdgqXe1ifNRfn18xhSzsMavtB668cA==",
      "dependencies": {
        "@hylid/env": "^3.0.0-alpha.13",
        "@hylid/types": "^3.0.0-alpha.13"
      }
    },
    "node_modules/@hylid/custom-jsapi": {
      "version": "3.0.0-alpha.13",
      "resolved": "https://registry.npmjs.org/@hylid/custom-jsapi/-/custom-jsapi-3.0.0-alpha.13.tgz",
      "integrity": "sha512-QkeaYIN1iP7SrEeg6YRz8UpLhpxpOK2l/Dg79cfG9w/QXxYci2zl2ljTEova5CTczqmHClSFZyv3/L9UJBMePA==",
      "dependencies": {
        "@hylid/call": "^3.0.0-alpha.13",
        "@hylid/env": "^3.0.0-alpha.13",
        "@hylid/types": "^3.0.0-alpha.13",
        "qs-es5": "^6.8.4"
      }
    },
    "node_modules/@hylid/env": {
      "version": "3.0.0-alpha.13",
      "resolved": "https://registry.npmjs.org/@hylid/env/-/env-3.0.0-alpha.13.tgz",
      "integrity": "sha512-UvrViXevo6gf7s1DE7QTgdONvKJsFIU2QNXs+KFyeJrg808zPQU8V9f9LGQ4JZyG9gGKPdXp9azHlJ7iOVUFEQ=="
    },
    "node_modules/@hylid/types": {
      "version": "3.0.0-alpha.13",
      "resolved": "https://registry.npmjs.org/@hylid/types/-/types-3.0.0-alpha.13.tgz",
      "integrity": "sha512-AUdmIMkboTQA3ODhInlJwEkMtcGJZqL42wpr/wOi2iBy5spUMAJmaJPkUsVD8aC9DdrOhIkTAJVuBWBiSdkoWQ==",
      "dependencies": {
        "@types/miniprogram": "^1.0.3"
      }
    },
    "node_modules/@types/lodash": {
      "version": "4.17.7",
      "resolved": "https://registry.npmjs.org/@types/lodash/-/lodash-4.17.7.tgz",
      "integrity": "sha512-8wTvZawATi/lsmNu10/j2hk1KEP0IvjubqPE3cu1Xz7xfXXt5oCq3SNUz4fMIP4XGF9Ky+Ue2tBA3hcS7LSBlA=="
    },
    "node_modules/@types/lodash-es": {
      "version": "4.17.12",
      "resolved": "https://registry.npmjs.org/@types/lodash-es/-/lodash-es-4.17.12.tgz",
      "integrity": "sha512-0NgftHUcV4v34VhXm8QBSftKVXtbkBG3ViCjs6+eJ5a6y6Mi/jiFGPc1sC7QK+9BFhWrURE3EOggmWaSxL9OzQ==",
      "dependencies": {
        "@types/lodash": "*"
      }
    },
    "node_modules/@types/miniprogram": {
      "version": "1.0.8",
      "resolved": "https://registry.npmjs.org/@types/miniprogram/-/miniprogram-1.0.8.tgz",
      "integrity": "sha512-EtEASlKBMMNwGql+/+tTrFOHyMKmF3KIwpkvPtNsKjdgmlbedzCNpVONSS/HdR6vECaqjDn3Hmkwu6T/fZRQCA=="
    },
    "node_modules/asynckit": {
      "version": "0.4.0",
      "resolved": "https://registry.npmjs.org/asynckit/-/asynckit-0.4.0.tgz",
      "integrity": "sha512-Oei9OH4tRh0YqU3GxhX79dM/mwVgvbZJaSNaRk+bshkj0S5cfHcgYakreBjrHwatXKbz+IoIdYLxrKim2MjW0Q=="
    },
    "node_modules/axios": {
      "version": "0.27.2",
      "resolved": "https://registry.npmjs.org/axios/-/axios-0.27.2.tgz",
      "integrity": "sha512-t+yRIyySRTp/wua5xEr+z1q60QmLq8ABsS5O9Me1AsE5dfKqgnCFzwiCZZ/cGNd1lq4/7akDWMxdhVlucjmnOQ==",
      "dependencies": {
        "follow-redirects": "^1.14.9",
        "form-data": "^4.0.0"
      }
    },
    "node_modules/combined-stream": {
      "version": "1.0.8",
      "resolved": "https://registry.npmjs.org/combined-stream/-/combined-stream-1.0.8.tgz",
      "integrity": "sha512-FQN4MRfuJeHf7cBbBMJFXhKSDq+2kAArBlmRBvcvFE5BB1HZKXtSFASDhdlz9zOYwxh8lDdnvmMOe/+5cdoEdg==",
      "dependencies": {
        "delayed-stream": "~1.0.0"
      },
      "engines": {
        "node": ">= 0.8"
      }
    },
    "node_modules/decode-uri-component": {
      "version": "0.2.2",
      "resolved": "https://registry.npmjs.org/decode-uri-component/-/decode-uri-component-0.2.2.tgz",
      "integrity": "sha512-FqUYQ+8o158GyGTrMFJms9qh3CqTKvAqgqsTnkLI8sKu0028orqBhxNMFkFen0zGyg6epACD32pjVk58ngIErQ==",
      "engines": {
        "node": ">=0.10"
      }
    },
    "node_modules/delayed-stream": {
      "version": "1.0.0",
      "resolved": "https://registry.npmjs.org/delayed-stream/-/delayed-stream-1.0.0.tgz",
      "integrity": "sha512-ZySD7Nf91aLB0RxL4KGrKHBXl7Eds1DAmEdcoVawXnLD7SDhpNgtuII2aAkg7a7QS41jxPSZ17p4VdGnMHk3MQ==",
      "engines": {
        "node": ">=0.4.0"
      }
    },
    "node_modules/follow-redirects": {
      "version": "1.15.6",
      "resolved": "https://registry.npmjs.org/follow-redirects/-/follow-redirects-1.15.6.tgz",
      "integrity": "sha512-wWN62YITEaOpSK584EZXJafH1AGpO8RVgElfkuXbTOrPX4fIfOyEpW/CsiNd8JdYrAoOvafRTOEnvsO++qCqFA==",
      "funding": [
        {
          "type": "individual",
          "url": "https://github.com/sponsors/RubenVerborgh"
        }
      ],
      "engines": {
        "node": ">=4.0"
      },
      "peerDependenciesMeta": {
        "debug": {
          "optional": true
        }
      }
    },
    "node_modules/form-data": {
      "version": "4.0.0",
      "resolved": "https://registry.npmjs.org/form-data/-/form-data-4.0.0.tgz",
      "integrity": "sha512-ETEklSGi5t0QMZuiXoA/Q6vcnxcLQP5vdugSpuAyi6SVGi2clPPp+xgEhuMaHC+zGgn31Kd235W35f7Hykkaww==",
      "dependencies": {
        "asynckit": "^0.4.0",
        "combined-stream": "^1.0.8",
        "mime-types": "^2.1.12"
      },
      "engines": {
        "node": ">= 6"
      }
    },
    "node_modules/hylid-bridge": {
      "version": "3.0.0-alpha.13",
      "resolved": "https://registry.npmjs.org/hylid-bridge/-/hylid-bridge-3.0.0-alpha.13.tgz",
      "integrity": "sha512-qKTr/ua4FEodlQgzYkuYUktNbDST5oec1bsC+Ooa6syJSRMV66aWB+SRb+tZ3KajDueaNBwJdyULoTbZes3HoQ==",
      "dependencies": {
        "@babel/runtime": "7.18.9",
        "@goldfishjs/utils": "^2.18.0",
        "@hylid/call": "^3.0.0-alpha.13",
        "@hylid/custom-jsapi": "^3.0.0-alpha.13",
        "@hylid/env": "^3.0.0-alpha.13",
        "@hylid/types": "^3.0.0-alpha.13",
        "@types/miniprogram": "^1.0.3",
        "miniapp-web-jsapi": "^3.0.0-alpha.13"
      }
    },
    "node_modules/lodash-es": {
      "version": "4.17.21",
      "resolved": "https://registry.npmjs.org/lodash-es/-/lodash-es-4.17.21.tgz",
      "integrity": "sha512-mKnC+QJ9pWVzv+C4/U3rRsHapFfHvQFoFB92e52xeyGMcX6/OlIl78je1u8vePzYZSkkogMPJ2yjxxsb89cxyw=="
    },
    "node_modules/mime-db": {
      "version": "1.52.0",
      "resolved": "https://registry.npmjs.org/mime-db/-/mime-db-1.52.0.tgz",
      "integrity": "sha512-sPU4uV7dYlvtWJxwwxHD0PuihVNiE7TyAbQ5SWxDCB9mUYvOgroQOwYQQOKPJ8CIbE+1ETVlOoK1UC2nU3gYvg==",
      "engines": {
        "node": ">= 0.6"
      }
    },
    "node_modules/mime-types": {
      "version": "2.1.35",
      "resolved": "https://registry.npmjs.org/mime-types/-/mime-types-2.1.35.tgz",
      "integrity": "sha512-ZDY+bPm5zTTF+YpCrAU9nK0UgICYPT0QtT1NZWFv4s++TNkcgVaT0g6+4R2uI4MjQjzysHB1zxuWL50hzaeXiw==",
      "dependencies": {
        "mime-db": "1.52.0"
      },
      "engines": {
        "node": ">= 0.6"
      }
    },
    "node_modules/miniapp-web-jsapi": {
      "version": "3.0.0-alpha.13",
      "resolved": "https://registry.npmjs.org/miniapp-web-jsapi/-/miniapp-web-jsapi-3.0.0-alpha.13.tgz",
      "integrity": "sha512-81C0xbuxHzwz5uXmmxGU7CDe0QCMaNwzYjamAZNoLkGE0DcIPvt0bS0TM9LktKYeDWRVUBUthRrVmHZiUwSMyQ==",
      "dependencies": {
        "@babel/runtime": "7.18.9",
        "axios": "0.27.2",
        "react-style-object-to-css": "1.1.2",
        "svelte": "3.49.0"
      }
    },
    "node_modules/qs-es5": {
      "version": "6.8.4",
      "resolved": "https://registry.npmjs.org/qs-es5/-/qs-es5-6.8.4.tgz",
      "integrity": "sha512-yhVkT5VkFF7hICjbz2llEhV/mdEm4uP7WsjIsyeSt2inUDHFMpwbQHvV2849gORgpNe7ar1qqDAISrnW4d/1dg==",
      "dependencies": {
        "decode-uri-component": "^0.2.0",
        "split-on-first": "^1.0.0",
        "strict-uri-encode": "^1.1.0"
      },
      "engines": {
        "node": ">=6"
      }
    },
    "node_modules/react-style-object-to-css": {
      "version": "1.1.2",
      "resolved": "https://registry.npmjs.org/react-style-object-to-css/-/react-style-object-to-css-1.1.2.tgz",
      "integrity": "sha512-+5MFULqCCj7wwJJ/ISKFP91ZlHVF1Rv8o0neiTKvt21XDTU5e34tc8hy+XPLeYWYOupdHt25HxxwocvYm3HM6A=="
    },
    "node_modules/regenerator-runtime": {
      "version": "0.13.11",
      "resolved": "https://registry.npmjs.org/regenerator-runtime/-/regenerator-runtime-0.13.11.tgz",
      "integrity": "sha512-kY1AZVr2Ra+t+piVaJ4gxaFaReZVH40AKNo7UCX6W+dEwBo/2oZJzqfuN1qLq1oL45o56cPaTXELwrTh8Fpggg=="
    },
    "node_modules/split-on-first": {
      "version": "1.1.0",
      "resolved": "https://registry.npmjs.org/split-on-first/-/split-on-first-1.1.0.tgz",
      "integrity": "sha512-43ZssAJaMusuKWL8sKUBQXHWOpq8d6CfN/u1p4gUzfJkM05C8rxTmYrkIPTXapZpORA6LkkzcUulJ8FqA7Uudw==",
      "engines": {
        "node": ">=6"
      }
    },
    "node_modules/strict-uri-encode": {
      "version": "1.1.0",
      "resolved": "https://registry.npmjs.org/strict-uri-encode/-/strict-uri-encode-1.1.0.tgz",
      "integrity": "sha512-R3f198pcvnB+5IpnBlRkphuE9n46WyVl8I39W/ZUTZLz4nqSP/oLYUrcnJrw462Ds8he4YKMov2efsTIw1BDGQ==",
      "engines": {
        "node": ">=0.10.0"
      }
    },
    "node_modules/svelte": {
      "version": "3.49.0",
      "resolved": "https://registry.npmjs.org/svelte/-/svelte-3.49.0.tgz",
      "integrity": "sha512-+lmjic1pApJWDfPCpUUTc1m8azDqYCG1JN9YEngrx/hUyIcFJo6VZhj0A1Ai0wqoHcEIuQy+e9tk+4uDgdtsFA==",
      "engines": {
        "node": ">= 8"
      }
    }
  }
}
